
Microsoft Visual Studio Solution File, Format Version 12.00
# Visual Studio 15
VisualStudioVersion = 15.0.28307.902
MinimumVisualStudioVersion = 10.0.40219.1
Project("{FAE04EC0-301F-11D3-BF4B-00C04F79EFBC}") = "CalculatorApp.Android", "CalculatorApp\CalculatorApp.Android\CalculatorApp.Android.csproj", "{89CBE5DF-AC74-4A58-8D64-232EBC2B9A9C}"
EndProject
Project("{FAE04EC0-301F-11D3-BF4B-00C04F79EFBC}") = "CalculatorApp.iOS", "CalculatorApp\CalculatorApp.iOS\CalculatorApp.iOS.csproj", "{8CED4983-F55B-404D-B855-5151B296A59D}"
EndProject
Project("{FAE04EC0-301F-11D3-BF4B-00C04F79EFBC}") = "CalculatorApp", "CalculatorApp\CalculatorApp\CalculatorApp.csproj", "{C8FFBED1-381D-4A30-B7C0-0A887DFDFCC5}"
EndProject
Global
	GlobalSection(SolutionConfigurationPlatforms) = preSolution
		Ad-Hoc|Any CPU = Ad-Hoc|Any CPU
		Ad-Hoc|iPhone = Ad-Hoc|iPhone
		Ad-Hoc|iPhoneSimulator = Ad-Hoc|iPhoneSimulator
		AppStore|Any CPU = AppStore|Any CPU
		AppStore|iPhone = AppStore|iPhone
		AppStore|iPhoneSimulator = AppStore|iPhoneSimulator
		Debug|Any CPU = Debug|Any CPU
		Debug|iPhone = Debug|iPhone
		Debug|iPhoneSimulator = Debug|iPhoneSimulator
		Release|Any CPU = Release|Any CPU
		Release|iPhone = Release|iPhone
		Release|iPhoneSimulator = Release|iPhoneSimulator
	EndGlobalSection
	GlobalSection(ProjectConfigurationPlatforms) = postSolution
		{89CBE5DF-AC74-4A58-8D64-232EBC2B9A9C}.Ad-Hoc|Any CPU.ActiveCfg = Release|Any CPU
		{89CBE5DF-AC74-4A58-8D64-232EBC2B9A9C}.Ad-Hoc|Any CPU.Build.0 = Release|Any CPU
		{89CBE5DF-AC74-4A58-8D64-232EBC2B9A9C}.Ad-Hoc|Any CPU.Deploy.0 = Release|Any CPU
		{89CBE5DF-AC74-4A58-8D64-232EBC2B9A9C}.Ad-Hoc|iPhone.ActiveCfg = Release|Any CPU
		{89CBE5DF-AC74-4A58-8D64-232EBC2B9A9C}.Ad-Hoc|iPhone.Build.0 = Release|Any CPU
		{89CBE5DF-AC74-4A58-8D64-232EBC2B9A9C}.Ad-Hoc|iPhone.Deploy.0 = Release|Any CPU
		{89CBE5DF-AC74-4A58-8D64-232EBC2B9A9C}.Ad-Hoc|iPhoneSimulator.ActiveCfg = Release|Any CPU
		{89CBE5DF-AC74-4A58-8D64-232EBC2B9A9C}.Ad-Hoc|iPhoneSimulator.Build.0 = Release|Any CPU
		{89CBE5DF-AC74-4A58-8D64-232EBC2B9A9C}.Ad-Hoc|iPhoneSimulator.Deploy.0 = Release|Any CPU
		{89CBE5DF-AC74-4A58-8D64-232EBC2B9A9C}.AppStore|Any CPU.ActiveCfg = Release|Any CPU
		{89CBE5DF-AC74-4A58-8D64-232EBC2B9A9C}.AppStore|Any CPU.Build.0 = Release|Any CPU
		{89CBE5DF-AC74-4A58-8D64-232EBC2B9A9C}.AppStore|Any CPU.Deploy.0 = Release|Any CPU
		{89CBE5DF-AC74-4A58-8D64-232EBC2B9A9C}.AppStore|iPhone.ActiveCfg = Release|Any CPU
		{89CBE5DF-AC74-4A58-8D64-232EBC2B9A9C}.AppStore|iPhone.Build.0 = Release|Any CPU
		{89CBE5DF-AC74-4A58-8D64-232EBC2B9A9C}.AppStore|iPhone.Deploy.0 = Release|Any CPU
		{89CBE5DF-AC74-4A58-8D64-232EBC2B9A9C}.AppStore|iPhoneSimulator.ActiveCfg = Release|Any CPU
		{89CBE5DF-AC74-4A58-8D64-232EBC2B9A9C}.AppStore|iPhoneSimulator.Build.0 = Release|Any CPU
		{89CBE5DF-AC74-4A58-8D64-232EBC2B9A9C}.AppStore|iPhoneSimulator.Deploy.0 = Release|Any CPU
		{89CBE5DF-AC74-4A58-8D64-232EBC2B9A9C}.Debug|Any CPU.ActiveCfg = Debug|Any CPU
		{89CBE5DF-AC74-4A58-8D64-232EBC2B9A9C}.Debug|Any CPU.Build.0 = Debug|Any CPU
		{89CBE5DF-AC74-4A58-8D64-232EBC2B9A9C}.Debug|Any CPU.Deploy.0 = Debug|Any CPU
		{89CBE5DF-AC74-4A58-8D64-232EBC2B9A9C}.Debug|iPhone.ActiveCfg = Debug|Any CPU
		{89CBE5DF-AC74-4A58-8D64-232EBC2B9A9C}.Debug|iPhone.Build.0 = Debug|Any CPU
		{89CBE5DF-AC74-4A58-8D64-232EBC2B9A9C}.Debug|iPhone.Deploy.0 = Debug|Any CPU
		{89CBE5DF-AC74-4A58-8D64-232EBC2B9A9C}.Debug|iPhoneSimulator.ActiveCfg = Debug|Any CPU
		{89CBE5DF-AC74-4A58-8D64-232EBC2B9A9C}.Debug|iPhoneSimulator.Build.0 = Debug|Any CPU
		{89CBE5DF-AC74-4A58-8D64-232EBC2B9A9C}.Debug|iPhoneSimulator.Deploy.0 = Debug|Any CPU
		{89CBE5DF-AC74-4A58-8D64-232EBC2B9A9C}.Release|Any CPU.ActiveCfg = Release|Any CPU
		{89CBE5DF-AC74-4A58-8D64-232EBC2B9A9C}.Release|Any CPU.Build.0 = Release|Any CPU
		{89CBE5DF-AC74-4A58-8D64-232EBC2B9A9C}.Release|Any CPU.Deploy.0 = Release|Any CPU
		{89CBE5DF-AC74-4A58-8D64-232EBC2B9A9C}.Release|iPhone.ActiveCfg = Release|Any CPU
		{89CBE5DF-AC74-4A58-8D64-232EBC2B9A9C}.Release|iPhone.Build.0 = Release|Any CPU
		{89CBE5DF-AC74-4A58-8D64-232EBC2B9A9C}.Release|iPhone.Deploy.0 = Release|Any CPU
		{89CBE5DF-AC74-4A58-8D64-232EBC2B9A9C}.Release|iPhoneSimulator.ActiveCfg = Release|Any CPU
		{89CBE5DF-AC74-4A58-8D64-232EBC2B9A9C}.Release|iPhoneSimulator.Build.0 = Release|Any CPU
		{89CBE5DF-AC74-4A58-8D64-232EBC2B9A9C}.Release|iPhoneSimulator.Deploy.0 = Release|Any CPU
		{8CED4983-F55B-404D-B855-5151B296A59D}.Ad-Hoc|Any CPU.ActiveCfg = Ad-Hoc|iPhone
		{8CED4983-F55B-404D-B855-5151B296A59D}.Ad-Hoc|Any CPU.Build.0 = Ad-Hoc|iPhone
		{8CED4983-F55B-404D-B855-5151B296A59D}.Ad-Hoc|Any CPU.Deploy.0 = Ad-Hoc|iPhone
		{8CED4983-F55B-404D-B855-5151B296A59D}.Ad-Hoc|iPhone.ActiveCfg = Ad-Hoc|iPhone
		{8CED4983-F55B-404D-B855-5151B296A59D}.Ad-Hoc|iPhone.Build.0 = Ad-Hoc|iPhone
		{8CED4983-F55B-404D-B855-5151B296A59D}.Ad-Hoc|iPhone.Deploy.0 = Ad-Hoc|iPhone
		{8CED4983-F55B-404D-B855-5151B296A59D}.Ad-Hoc|iPhoneSimulator.ActiveCfg = Ad-Hoc|iPhoneSimulator
		{8CED4983-F55B-404D-B855-5151B296A59D}.Ad-Hoc|iPhoneSimulator.Build.0 = Ad-Hoc|iPhoneSimulator
		{8CED4983-F55B-404D-B855-5151B296A59D}.Ad-Hoc|iPhoneSimulator.Deploy.0 = Ad-Hoc|iPhoneSimulator
		{8CED4983-F55B-404D-B855-5151B296A59D}.AppStore|Any CPU.ActiveCfg = AppStore|iPhone
		{8CED4983-F55B-404D-B855-5151B296A59D}.AppStore|Any CPU.Build.0 = AppStore|iPhone
		{8CED4983-F55B-404D-B855-5151B296A59D}.AppStore|Any CPU.Deploy.0 = AppStore|iPhone
		{8CED4983-F55B-404D-B855-5151B296A59D}.AppStore|iPhone.ActiveCfg = AppStore|iPhone
		{8CED4983-F55B-404D-B855-5151B296A59D}.AppStore|iPhone.Build.0 = AppStore|iPhone
		{8CED4983-F55B-404D-B855-5151B296A59D}.AppStore|iPhone.Deploy.0 = AppStore|iPhone
		{8CED4983-F55B-404D-B855-5151B296A59D}.AppStore|iPhoneSimulator.ActiveCfg = AppStore|iPhoneSimulator
		{8CED4983-F55B-404D-B855-5151B296A59D}.AppStore|iPhoneSimulator.Build.0 = AppStore|iPhoneSimulator
		{8CED4983-F55B-404D-B855-5151B296A59D}.AppStore|iPhoneSimulator.Deploy.0 = AppStore|iPhoneSimulator
		{8CED4983-F55B-404D-B855-5151B296A59D}.Debug|Any CPU.ActiveCfg = Debug|iPhoneSimulator
		{8CED4983-F55B-404D-B855-5151B296A59D}.Debug|Any CPU.Build.0 = Debug|iPhoneSimulator
		{8CED4983-F55B-404D-B855-5151B296A59D}.Debug|Any CPU.Deploy.0 = Debug|iPhoneSimulator
		{8CED4983-F55B-404D-B855-5151B296A59D}.Debug|iPhone.ActiveCfg = Debug|iPhone
		{8CED4983-F55B-404D-B855-5151B296A59D}.Debug|iPhone.Build.0 = Debug|iPhone
		{8CED4983-F55B-404D-B855-5151B296A59D}.Debug|iPhone.Deploy.0 = Debug|iPhone
		{8CED4983-F55B-404D-B855-5151B296A59D}.Debug|iPhoneSimulator.ActiveCfg = Debug|iPhoneSimulator
		{8CED4983-F55B-404D-B855-5151B296A59D}.Debug|iPhoneSimulator.Build.0 = Debug|iPhoneSimulator
		{8CED4983-F55B-404D-B855-5151B296A59D}.Debug|iPhoneSimulator.Deploy.0 = Debug|iPhoneSimulator
		{8CED4983-F55B-404D-B855-5151B296A59D}.Release|Any CPU.ActiveCfg = Release|iPhone
		{8CED4983-F55B-404D-B855-5151B296A59D}.Release|Any CPU.Build.0 = Release|iPhone
		{8CED4983-F55B-404D-B855-5151B296A59D}.Release|Any CPU.Deploy.0 = Release|iPhone
		{8CED4983-F55B-404D-B855-5151B296A59D}.Release|iPhone.ActiveCfg = Release|iPhone
		{8CED4983-F55B-404D-B855-5151B296A59D}.Release|iPhone.Build.0 = Release|iPhone
		{8CED4983-F55B-404D-B855-5151B296A59D}.Release|iPhone.Deploy.0 = Release|iPhone
		{8CED4983-F55B-404D-B855-5151B296A59D}.Release|iPhoneSimulator.ActiveCfg = Release|iPhoneSimulator
		{8CED4983-F55B-404D-B855-5151B296A59D}.Release|iPhoneSimulator.Build.0 = Release|iPhoneSimulator
		{8CED4983-F55B-404D-B855-5151B296A59D}.Release|iPhoneSimulator.Deploy.0 = Release|iPhoneSimulator
		{C8FFBED1-381D-4A30-B7C0-0A887DFDFCC5}.Ad-Hoc|Any CPU.ActiveCfg = Debug|Any CPU
		{C8FFBED1-381D-4A30-B7C0-0A887DFDFCC5}.Ad-Hoc|Any CPU.Build.0 = Debug|Any CPU
		{C8FFBED1-381D-4A30-B7C0-0A887DFDFCC5}.Ad-Hoc|Any CPU.Deploy.0 = Debug|Any CPU
		{C8FFBED1-381D-4A30-B7C0-0A887DFDFCC5}.Ad-Hoc|iPhone.ActiveCfg = Debug|Any CPU
		{C8FFBED1-381D-4A30-B7C0-0A887DFDFCC5}.Ad-Hoc|iPhone.Build.0 = Debug|Any CPU
		{C8FFBED1-381D-4A30-B7C0-0A887DFDFCC5}.Ad-Hoc|iPhone.Deploy.0 = Debug|Any CPU
		{C8FFBED1-381D-4A30-B7C0-0A887DFDFCC5}.Ad-Hoc|iPhoneSimulator.ActiveCfg = Debug|Any CPU
		{C8FFBED1-381D-4A30-B7C0-0A887DFDFCC5}.Ad-Hoc|iPhoneSimulator.Build.0 = Debug|Any CPU
		{C8FFBED1-381D-4A30-B7C0-0A887DFDFCC5}.Ad-Hoc|iPhoneSimulator.Deploy.0 = Debug|Any CPU
		{C8FFBED1-381D-4A30-B7C0-0A887DFDFCC5}.AppStore|Any CPU.ActiveCfg = Debug|Any CPU
		{C8FFBED1-381D-4A30-B7C0-0A887DFDFCC5}.AppStore|Any CPU.Build.0 = Debug|Any CPU
		{C8FFBED1-381D-4A30-B7C0-0A887DFDFCC5}.AppStore|Any CPU.Deploy.0 = Debug|Any CPU
		{C8FFBED1-381D-4A30-B7C0-0A887DFDFCC5}.AppStore|iPhone.ActiveCfg = Debug|Any CPU
		{C8FFBED1-381D-4A30-B7C0-0A887DFDFCC5}.AppStore|iPhone.Build.0 = Debug|Any CPU
		{C8FFBED1-381D-4A30-B7C0-0A887DFDFCC5}.AppStore|iPhone.Deploy.0 = Debug|Any CPU
		{C8FFBED1-381D-4A30-B7C0-0A887DFDFCC5}.AppStore|iPhoneSimulator.ActiveCfg = Debug|Any CPU
		{C8FFBED1-381D-4A30-B7C0-0A887DFDFCC5}.AppStore|iPhoneSimulator.Build.0 = Debug|Any CPU
		{C8FFBED1-381D-4A30-B7C0-0A887DFDFCC5}.AppStore|iPhoneSimulator.Deploy.0 = Debug|Any CPU
		{C8FFBED1-381D-4A30-B7C0-0A887DFDFCC5}.Debug|Any CPU.ActiveCfg = Debug|Any CPU
		{C8FFBED1-381D-4A30-B7C0-0A887DFDFCC5}.Debug|Any CPU.Build.0 = Debug|Any CPU
		{C8FFBED1-381D-4A30-B7C0-0A887DFDFCC5}.Debug|Any CPU.Deploy.0 = Debug|Any CPU
		{C8FFBED1-381D-4A30-B7C0-0A887DFDFCC5}.Debug|iPhone.ActiveCfg = Debug|Any CPU
		{C8FFBED1-381D-4A30-B7C0-0A887DFDFCC5}.Debug|iPhone.Build.0 = Debug|Any CPU
		{C8FFBED1-381D-4A30-B7C0-0A887DFDFCC5}.Debug|iPhone.Deploy.0 = Debug|Any CPU
		{C8FFBED1-381D-4A30-B7C0-0A887DFDFCC5}.Debug|iPhoneSimulator.ActiveCfg = Debug|Any CPU
		{C8FFBED1-381D-4A30-B7C0-0A887DFDFCC5}.Debug|iPhoneSimulator.Build.0 = Debug|Any CPU
		{C8FFBED1-381D-4A30-B7C0-0A887DFDFCC5}.Debug|iPhoneSimulator.Deploy.0 = Debug|Any CPU
		{C8FFBED1-381D-4A30-B7C0-0A887DFDFCC5}.Release|Any CPU.ActiveCfg = Release|Any CPU
		{C8FFBED1-381D-4A30-B7C0-0A887DFDFCC5}.Release|Any CPU.Build.0 = Release|Any CPU
		{C8FFBED1-381D-4A30-B7C0-0A887DFDFCC5}.Release|Any CPU.Deploy.0 = Release|Any CPU
		{C8FFBED1-381D-4A30-B7C0-0A887DFDFCC5}.Release|iPhone.ActiveCfg = Release|Any CPU
		{C8FFBED1-381D-4A30-B7C0-0A887DFDFCC5}.Release|iPhone.Build.0 = Release|Any CPU
		{C8FFBED1-381D-4A30-B7C0-0A887DFDFCC5}.Release|iPhone.Deploy.0 = Release|Any CPU
		{C8FFBED1-381D-4A30-B7C0-0A887DFDFCC5}.Release|iPhoneSimulator.ActiveCfg = Release|Any CPU
		{C8FFBED1-381D-4A30-B7C0-0A887DFDFCC5}.Release|iPhoneSimulator.Build.0 = Release|Any CPU
		{C8FFBED1-381D-4A30-B7C0-0A887DFDFCC5}.Release|iPhoneSimulator.Deploy.0 = Release|Any CPU
	EndGlobalSection
	GlobalSection(SolutionProperties) = preSolution
		HideSolutionNode = FALSE
	EndGlobalSection
	GlobalSection(ExtensibilityGlobals) = postSolution
		SolutionGuid = {86FCA6B2-E110-43E5-9927-23648EFB64E0}
	EndGlobalSection
EndGlobal
